{
  "name": "persistx",
  "lockfileVersion": 3,
  "requires": true,
  "packages": {
    "": {
      "name": "persistx",
      "workspaces": [
        "packages/*"
      ],
      "devDependencies": {
        "@types/node": "^25.0.3"
      },
      "engines": {
        "node": ">=20"
      }
    },
    "node_modules/@persistx/adapter-firestore": {
      "resolved": "packages/adapter-firestore",
      "link": true
    },
    "node_modules/@persistx/core": {
      "resolved": "packages/core",
      "link": true
    },
    "node_modules/@persistx/validator-zod": {
      "resolved": "packages/validator-zod",
      "link": true
    },
    "node_modules/@types/node": {
      "version": "25.0.3",
      "resolved": "https://registry.npmjs.org/@types/node/-/node-25.0.3.tgz",
      "integrity": "sha512-W609buLVRVmeW693xKfzHeIV6nJGGz98uCPfeXI1ELMLXVeKYZ9m15fAMSaUPBHYLGFsVRcMmSCksQOrZV9BYA==",
      "dev": true,
      "license": "MIT",
      "dependencies": {
        "undici-types": "~7.16.0"
      }
    },
    "node_modules/typescript": {
      "version": "5.9.3",
      "dev": true,
      "license": "Apache-2.0",
      "bin": {
        "tsc": "bin/tsc",
        "tsserver": "bin/tsserver"
      },
      "engines": {
        "node": ">=14.17"
      }
    },
    "node_modules/undici-types": {
      "version": "7.16.0",
      "resolved": "https://registry.npmjs.org/undici-types/-/undici-types-7.16.0.tgz",
      "integrity": "sha512-Zz+aZWSj8LE6zoxD+xrjh4VfkIG8Ya6LvYkZqtUQGJPZjYl53ypCaUwWqo7eI0x66KBGeRo+mlBEkMSeSZ38Nw==",
      "dev": true,
      "license": "MIT"
    },
    "node_modules/zod": {
      "version": "3.25.76",
      "license": "MIT",
      "funding": {
        "url": "https://github.com/sponsors/colinhacks"
      }
    },
    "packages/adapter-firestore": {
      "name": "@persistx/adapter-firestore",
      "version": "0.1.0",
      "dependencies": {
        "@persistx/core": "0.1.0"
      },
      "devDependencies": {
        "typescript": "^5.6.0"
      },
      "engines": {
        "node": ">=20"
      }
    },
    "packages/core": {
      "name": "@persistx/core",
      "version": "0.1.0",
      "devDependencies": {
        "typescript": "^5.6.0"
      },
      "engines": {
        "node": ">=20"
      }
    },
    "packages/validator-zod": {
      "name": "@persistx/validator-zod",
      "version": "0.1.0",
      "dependencies": {
        "@persistx/core": "0.1.0",
        "zod": "^3.23.8"
      },
      "devDependencies": {
        "typescript": "^5.6.0"
      },
      "engines": {
        "node": ">=20"
      }
    }
  }
}
